
Microsoft Visual Studio Solution File, Format Version 12.00
# Visual Studio Version 17
VisualStudioVersion = 17.0.31903.59
MinimumVisualStudioVersion = 10.0.40219.1
Project("{FAE04EC0-301F-11D3-BF4B-00C04F79EFBC}") = "Exercicio1", "Exercicio1\Exercicio1.csproj", "{CDC00BE0-4A89-4D8F-B085-6F5A9618E409}"
EndProject
Project("{FAE04EC0-301F-11D3-BF4B-00C04F79EFBC}") = "Exercicio2", "Exercicio2\Exercicio2.csproj", "{A1454146-2899-47BD-8AB7-2E73DB60BF4A}"
EndProject
Project("{FAE04EC0-301F-11D3-BF4B-00C04F79EFBC}") = "exercicio3", "exercicio3\exercicio3.csproj", "{A6DF8A7F-5142-4ED2-AE22-7B0A808DFF71}"
EndProject
Project("{FAE04EC0-301F-11D3-BF4B-00C04F79EFBC}") = "Exercicio4", "Exercicio4\Exercicio4.csproj", "{E64AF41B-FD0D-44B1-8791-B376620861C0}"
EndProject
Project("{FAE04EC0-301F-11D3-BF4B-00C04F79EFBC}") = "Exercicio5", "Exercicio5\Exercicio5.csproj", "{344241A7-43D7-44CC-9D46-A70F8A2FFE62}"
EndProject
Global
	GlobalSection(SolutionConfigurationPlatforms) = preSolution
		Debug|Any CPU = Debug|Any CPU
		Release|Any CPU = Release|Any CPU
	EndGlobalSection
	GlobalSection(SolutionProperties) = preSolution
		HideSolutionNode = FALSE
	EndGlobalSection
	GlobalSection(ProjectConfigurationPlatforms) = postSolution
		{CDC00BE0-4A89-4D8F-B085-6F5A9618E409}.Debug|Any CPU.ActiveCfg = Debug|Any CPU
		{CDC00BE0-4A89-4D8F-B085-6F5A9618E409}.Debug|Any CPU.Build.0 = Debug|Any CPU
		{CDC00BE0-4A89-4D8F-B085-6F5A9618E409}.Release|Any CPU.ActiveCfg = Release|Any CPU
		{CDC00BE0-4A89-4D8F-B085-6F5A9618E409}.Release|Any CPU.Build.0 = Release|Any CPU
		{A1454146-2899-47BD-8AB7-2E73DB60BF4A}.Debug|Any CPU.ActiveCfg = Debug|Any CPU
		{A1454146-2899-47BD-8AB7-2E73DB60BF4A}.Debug|Any CPU.Build.0 = Debug|Any CPU
		{A1454146-2899-47BD-8AB7-2E73DB60BF4A}.Release|Any CPU.ActiveCfg = Release|Any CPU
		{A1454146-2899-47BD-8AB7-2E73DB60BF4A}.Release|Any CPU.Build.0 = Release|Any CPU
		{A6DF8A7F-5142-4ED2-AE22-7B0A808DFF71}.Debug|Any CPU.ActiveCfg = Debug|Any CPU
		{A6DF8A7F-5142-4ED2-AE22-7B0A808DFF71}.Debug|Any CPU.Build.0 = Debug|Any CPU
		{A6DF8A7F-5142-4ED2-AE22-7B0A808DFF71}.Release|Any CPU.ActiveCfg = Release|Any CPU
		{A6DF8A7F-5142-4ED2-AE22-7B0A808DFF71}.Release|Any CPU.Build.0 = Release|Any CPU
		{E64AF41B-FD0D-44B1-8791-B376620861C0}.Debug|Any CPU.ActiveCfg = Debug|Any CPU
		{E64AF41B-FD0D-44B1-8791-B376620861C0}.Debug|Any CPU.Build.0 = Debug|Any CPU
		{E64AF41B-FD0D-44B1-8791-B376620861C0}.Release|Any CPU.ActiveCfg = Release|Any CPU
		{E64AF41B-FD0D-44B1-8791-B376620861C0}.Release|Any CPU.Build.0 = Release|Any CPU
		{344241A7-43D7-44CC-9D46-A70F8A2FFE62}.Debug|Any CPU.ActiveCfg = Debug|Any CPU
		{344241A7-43D7-44CC-9D46-A70F8A2FFE62}.Debug|Any CPU.Build.0 = Debug|Any CPU
		{344241A7-43D7-44CC-9D46-A70F8A2FFE62}.Release|Any CPU.ActiveCfg = Release|Any CPU
		{344241A7-43D7-44CC-9D46-A70F8A2FFE62}.Release|Any CPU.Build.0 = Release|Any CPU
	EndGlobalSection
EndGlobal
